// !$*UTF8*$!
{
	archiveVersion = 1;
	classes = {
	};
	objectVersion = 50;
	objects = {

/* Begin PBXBuildFile section */
		C6327004266E7DC500D3519B /* DesignCodeWidget.swift in Sources */ = {isa = PBXBuildFile; fileRef = C6A3C7A62665E65E00D3A9D5 /* DesignCodeWidget.swift */; };
		C644490F266355C400960DC0 /* DesignCodeCourseApp.swift in Sources */ = {isa = PBXBuildFile; fileRef = C64448FC266355AC00960DC0 /* DesignCodeCourseApp.swift */; };
		C6444911266355C400960DC0 /* ContentView.swift in Sources */ = {isa = PBXBuildFile; fileRef = C64448FD266355AC00960DC0 /* ContentView.swift */; };
		C6444912266355C400960DC0 /* ContentView.swift in Sources */ = {isa = PBXBuildFile; fileRef = C64448FD266355AC00960DC0 /* ContentView.swift */; };
		C6444913266355C400960DC0 /* Assets.xcassets in Resources */ = {isa = PBXBuildFile; fileRef = C64448FE266355C300960DC0 /* Assets.xcassets */; };
		C6444914266355C400960DC0 /* Assets.xcassets in Resources */ = {isa = PBXBuildFile; fileRef = C64448FE266355C300960DC0 /* Assets.xcassets */; };
		C644491E2663721B00960DC0 /* CourseRow.swift in Sources */ = {isa = PBXBuildFile; fileRef = C644491D2663721B00960DC0 /* CourseRow.swift */; };
		C644491F2663721B00960DC0 /* CourseRow.swift in Sources */ = {isa = PBXBuildFile; fileRef = C644491D2663721B00960DC0 /* CourseRow.swift */; };
		C64449212663751200960DC0 /* CoursesView.swift in Sources */ = {isa = PBXBuildFile; fileRef = C64449202663751200960DC0 /* CoursesView.swift */; };
		C64449222663751200960DC0 /* CoursesView.swift in Sources */ = {isa = PBXBuildFile; fileRef = C64449202663751200960DC0 /* CoursesView.swift */; };
		C64449242663772700960DC0 /* Sidebar.swift in Sources */ = {isa = PBXBuildFile; fileRef = C64449232663772700960DC0 /* Sidebar.swift */; };
		C64449252663772700960DC0 /* Sidebar.swift in Sources */ = {isa = PBXBuildFile; fileRef = C64449232663772700960DC0 /* Sidebar.swift */; };
		C64449272663810600960DC0 /* CourseItem.swift in Sources */ = {isa = PBXBuildFile; fileRef = C64449262663810600960DC0 /* CourseItem.swift */; };
		C64449282663810600960DC0 /* CourseItem.swift in Sources */ = {isa = PBXBuildFile; fileRef = C64449262663810600960DC0 /* CourseItem.swift */; };
		C644492C2663835500960DC0 /* CourseList.swift in Sources */ = {isa = PBXBuildFile; fileRef = C644492B2663835500960DC0 /* CourseList.swift */; };
		C644492D2663835500960DC0 /* CourseList.swift in Sources */ = {isa = PBXBuildFile; fileRef = C644492B2663835500960DC0 /* CourseList.swift */; };
		C644492F2663C2C200960DC0 /* Course.swift in Sources */ = {isa = PBXBuildFile; fileRef = C644492E2663C2C200960DC0 /* Course.swift */; };
		C64449302663C2C200960DC0 /* Course.swift in Sources */ = {isa = PBXBuildFile; fileRef = C644492E2663C2C200960DC0 /* Course.swift */; };
		C67659A92664887100E4E714 /* CloseButton.swift in Sources */ = {isa = PBXBuildFile; fileRef = C67659A72664887100E4E714 /* CloseButton.swift */; };
		C67659AB26648AEE00E4E714 /* CourseDetail.swift in Sources */ = {isa = PBXBuildFile; fileRef = C67659AA26648AEE00E4E714 /* CourseDetail.swift */; };
		C67659AC26648AEE00E4E714 /* CourseDetail.swift in Sources */ = {isa = PBXBuildFile; fileRef = C67659AA26648AEE00E4E714 /* CourseDetail.swift */; };
		C67659B426648E2E00E4E714 /* LivestreamSection.swift in Sources */ = {isa = PBXBuildFile; fileRef = C67659AD26648E2E00E4E714 /* LivestreamSection.swift */; };
		C67659B526648E2E00E4E714 /* LivestreamSection.swift in Sources */ = {isa = PBXBuildFile; fileRef = C67659AD26648E2E00E4E714 /* LivestreamSection.swift */; };
		C67659B626648E2E00E4E714 /* CourseSection.swift in Sources */ = {isa = PBXBuildFile; fileRef = C67659AE26648E2E00E4E714 /* CourseSection.swift */; };
		C67659B726648E2E00E4E714 /* CourseSection.swift in Sources */ = {isa = PBXBuildFile; fileRef = C67659AE26648E2E00E4E714 /* CourseSection.swift */; };
		C67659B826648E2E00E4E714 /* GradientModel.swift in Sources */ = {isa = PBXBuildFile; fileRef = C67659AF26648E2E00E4E714 /* GradientModel.swift */; };
		C67659B926648E2E00E4E714 /* GradientModel.swift in Sources */ = {isa = PBXBuildFile; fileRef = C67659AF26648E2E00E4E714 /* GradientModel.swift */; };
		C67659BA26648E2E00E4E714 /* Tutorial.swift in Sources */ = {isa = PBXBuildFile; fileRef = C67659B026648E2E00E4E714 /* Tutorial.swift */; };
		C67659BB26648E2E00E4E714 /* Tutorial.swift in Sources */ = {isa = PBXBuildFile; fileRef = C67659B026648E2E00E4E714 /* Tutorial.swift */; };
		C67659BC26648E2E00E4E714 /* Download.swift in Sources */ = {isa = PBXBuildFile; fileRef = C67659B126648E2E00E4E714 /* Download.swift */; };
		C67659BD26648E2E00E4E714 /* Download.swift in Sources */ = {isa = PBXBuildFile; fileRef = C67659B126648E2E00E4E714 /* Download.swift */; };
		C67659BE26648E2E00E4E714 /* Livestream.swift in Sources */ = {isa = PBXBuildFile; fileRef = C67659B226648E2E00E4E714 /* Livestream.swift */; };
		C67659BF26648E2E00E4E714 /* Livestream.swift in Sources */ = {isa = PBXBuildFile; fileRef = C67659B226648E2E00E4E714 /* Livestream.swift */; };
		C67659C026648E2E00E4E714 /* TutorialSection.swift in Sources */ = {isa = PBXBuildFile; fileRef = C67659B326648E2E00E4E714 /* TutorialSection.swift */; };
		C67659C126648E2E00E4E714 /* TutorialSection.swift in Sources */ = {isa = PBXBuildFile; fileRef = C67659B326648E2E00E4E714 /* TutorialSection.swift */; };
		C67659C92664926B00E4E714 /* VisualEffectBlur.swift in Sources */ = {isa = PBXBuildFile; fileRef = C67659C82664926B00E4E714 /* VisualEffectBlur.swift */; };
		C67659CB2664927500E4E714 /* VisualEffectBlur 2.swift in Sources */ = {isa = PBXBuildFile; fileRef = C67659CA2664927500E4E714 /* VisualEffectBlur 2.swift */; };
		C67659CE2664A0BE00E4E714 /* TabBar.swift in Sources */ = {isa = PBXBuildFile; fileRef = C67659CC2664A0BB00E4E714 /* TabBar.swift */; };
		C67659D026651C8300E4E714 /* CourseSectionDetail.swift in Sources */ = {isa = PBXBuildFile; fileRef = C67659CF26651C8300E4E714 /* CourseSectionDetail.swift */; };
		C67659D126651C8800E4E714 /* CourseSectionDetail.swift in Sources */ = {isa = PBXBuildFile; fileRef = C67659CF26651C8300E4E714 /* CourseSectionDetail.swift */; };
		C67659D326652A5400E4E714 /* LibraryContent.swift in Sources */ = {isa = PBXBuildFile; fileRef = C67659D226652A5400E4E714 /* LibraryContent.swift */; };
		C6A3C7882665C59B00D3A9D5 /* LibraryContent.swift in Sources */ = {isa = PBXBuildFile; fileRef = C67659D226652A5400E4E714 /* LibraryContent.swift */; };
		C6A3C7892665C5A500D3A9D5 /* CloseButton.swift in Sources */ = {isa = PBXBuildFile; fileRef = C67659A72664887100E4E714 /* CloseButton.swift */; };
		C6A3C7A32665E65E00D3A9D5 /* WidgetKit.framework in Frameworks */ = {isa = PBXBuildFile; fileRef = C6A3C7742665C42800D3A9D5 /* WidgetKit.framework */; };
		C6A3C7A42665E65E00D3A9D5 /* SwiftUI.framework in Frameworks */ = {isa = PBXBuildFile; fileRef = C6A3C7762665C42800D3A9D5 /* SwiftUI.framework */; };
		C6A3C7A92665E65F00D3A9D5 /* Assets.xcassets in Resources */ = {isa = PBXBuildFile; fileRef = C6A3C7A82665E65F00D3A9D5 /* Assets.xcassets */; };
		C6A3C7AD2665E65F00D3A9D5 /* DesignCodeWidgetExtension.appex in Embed App Extensions */ = {isa = PBXBuildFile; fileRef = C6A3C7A22665E65E00D3A9D5 /* DesignCodeWidgetExtension.appex */; settings = {ATTRIBUTES = (RemoveHeadersOnCopy, ); }; };
		C6BBC9EB266F36D000EAD7A3 /* CourseRow.swift in Sources */ = {isa = PBXBuildFile; fileRef = C644491D2663721B00960DC0 /* CourseRow.swift */; };
		C6BBC9EC266F36FF00EAD7A3 /* CourseSection.swift in Sources */ = {isa = PBXBuildFile; fileRef = C67659AE26648E2E00E4E714 /* CourseSection.swift */; };
		C6BBC9ED266F370C00EAD7A3 /* Assets.xcassets in Resources */ = {isa = PBXBuildFile; fileRef = C64448FE266355C300960DC0 /* Assets.xcassets */; };
		C6BBC9EE266F4CCA00EAD7A3 /* DesignCodeCourseApp.swift in Sources */ = {isa = PBXBuildFile; fileRef = C64448FC266355AC00960DC0 /* DesignCodeCourseApp.swift */; };
/* End PBXBuildFile section */

/* Begin PBXContainerItemProxy section */
		C6A3C7AB2665E65F00D3A9D5 /* PBXContainerItemProxy */ = {
			isa = PBXContainerItemProxy;
			containerPortal = C64448F72663559C00960DC0 /* Project object */;
			proxyType = 1;
			remoteGlobalIDString = C6A3C7A12665E65E00D3A9D5;
			remoteInfo = DesignCodeWidgetExtension;
		};
/* End PBXContainerItemProxy section */

/* Begin PBXCopyFilesBuildPhase section */
		C6A3C7842665C42A00D3A9D5 /* Embed App Extensions */ = {
			isa = PBXCopyFilesBuildPhase;
			buildActionMask = 2147483647;
			dstPath = "";
			dstSubfolderSpec = 13;
			files = (
				C6A3C7AD2665E65F00D3A9D5 /* DesignCodeWidgetExtension.appex in Embed App Extensions */,
			);
			name = "Embed App Extensions";
			runOnlyForDeploymentPostprocessing = 0;
		};
/* End PBXCopyFilesBuildPhase section */

/* Begin PBXFileReference section */
		C64448FC266355AC00960DC0 /* DesignCodeCourseApp.swift */ = {isa = PBXFileReference; lastKnownFileType = sourcecode.swift; path = DesignCodeCourseApp.swift; sourceTree = "<group>"; };
		C64448FD266355AC00960DC0 /* ContentView.swift */ = {isa = PBXFileReference; lastKnownFileType = sourcecode.swift; path = ContentView.swift; sourceTree = "<group>"; };
		C64448FE266355C300960DC0 /* Assets.xcassets */ = {isa = PBXFileReference; lastKnownFileType = folder.assetcatalog; path = Assets.xcassets; sourceTree = "<group>"; };
		C6444903266355C300960DC0 /* DesignCodeCourse.app */ = {isa = PBXFileReference; explicitFileType = wrapper.application; includeInIndex = 0; path = DesignCodeCourse.app; sourceTree = BUILT_PRODUCTS_DIR; };
		C6444906266355C300960DC0 /* Info.plist */ = {isa = PBXFileReference; lastKnownFileType = text.plist.xml; path = Info.plist; sourceTree = "<group>"; };
		C644490B266355C400960DC0 /* DesignCodeCourse.app */ = {isa = PBXFileReference; explicitFileType = wrapper.application; includeInIndex = 0; path = DesignCodeCourse.app; sourceTree = BUILT_PRODUCTS_DIR; };
		C644490D266355C400960DC0 /* Info.plist */ = {isa = PBXFileReference; lastKnownFileType = text.plist.xml; path = Info.plist; sourceTree = "<group>"; };
		C644490E266355C400960DC0 /* macOS.entitlements */ = {isa = PBXFileReference; lastKnownFileType = text.plist.entitlements; path = macOS.entitlements; sourceTree = "<group>"; };
		C644491D2663721B00960DC0 /* CourseRow.swift */ = {isa = PBXFileReference; lastKnownFileType = sourcecode.swift; path = CourseRow.swift; sourceTree = "<group>"; };
		C64449202663751200960DC0 /* CoursesView.swift */ = {isa = PBXFileReference; lastKnownFileType = sourcecode.swift; path = CoursesView.swift; sourceTree = "<group>"; };
		C64449232663772700960DC0 /* Sidebar.swift */ = {isa = PBXFileReference; lastKnownFileType = sourcecode.swift; path = Sidebar.swift; sourceTree = "<group>"; };
		C64449262663810600960DC0 /* CourseItem.swift */ = {isa = PBXFileReference; lastKnownFileType = sourcecode.swift; path = CourseItem.swift; sourceTree = "<group>"; };
		C644492B2663835500960DC0 /* CourseList.swift */ = {isa = PBXFileReference; lastKnownFileType = sourcecode.swift; path = CourseList.swift; sourceTree = "<group>"; };
		C644492E2663C2C200960DC0 /* Course.swift */ = {isa = PBXFileReference; lastKnownFileType = sourcecode.swift; path = Course.swift; sourceTree = "<group>"; };
		C67659A72664887100E4E714 /* CloseButton.swift */ = {isa = PBXFileReference; lastKnownFileType = sourcecode.swift; path = CloseButton.swift; sourceTree = "<group>"; };
		C67659AA26648AEE00E4E714 /* CourseDetail.swift */ = {isa = PBXFileReference; lastKnownFileType = sourcecode.swift; path = CourseDetail.swift; sourceTree = "<group>"; };
		C67659AD26648E2E00E4E714 /* LivestreamSection.swift */ = {isa = PBXFileReference; fileEncoding = 4; lastKnownFileType = sourcecode.swift; path = LivestreamSection.swift; sourceTree = "<group>"; };
		C67659AE26648E2E00E4E714 /* CourseSection.swift */ = {isa = PBXFileReference; fileEncoding = 4; lastKnownFileType = sourcecode.swift; path = CourseSection.swift; sourceTree = "<group>"; };
		C67659AF26648E2E00E4E714 /* GradientModel.swift */ = {isa = PBXFileReference; fileEncoding = 4; lastKnownFileType = sourcecode.swift; path = GradientModel.swift; sourceTree = "<group>"; };
		C67659B026648E2E00E4E714 /* Tutorial.swift */ = {isa = PBXFileReference; fileEncoding = 4; lastKnownFileType = sourcecode.swift; path = Tutorial.swift; sourceTree = "<group>"; };
		C67659B126648E2E00E4E714 /* Download.swift */ = {isa = PBXFileReference; fileEncoding = 4; lastKnownFileType = sourcecode.swift; path = Download.swift; sourceTree = "<group>"; };
		C67659B226648E2E00E4E714 /* Livestream.swift */ = {isa = PBXFileReference; fileEncoding = 4; lastKnownFileType = sourcecode.swift; path = Livestream.swift; sourceTree = "<group>"; };
		C67659B326648E2E00E4E714 /* TutorialSection.swift */ = {isa = PBXFileReference; fileEncoding = 4; lastKnownFileType = sourcecode.swift; path = TutorialSection.swift; sourceTree = "<group>"; };
		C67659C82664926B00E4E714 /* VisualEffectBlur.swift */ = {isa = PBXFileReference; fileEncoding = 4; lastKnownFileType = sourcecode.swift; path = VisualEffectBlur.swift; sourceTree = "<group>"; };
		C67659CA2664927500E4E714 /* VisualEffectBlur 2.swift */ = {isa = PBXFileReference; fileEncoding = 4; lastKnownFileType = sourcecode.swift; path = "VisualEffectBlur 2.swift"; sourceTree = "<group>"; };
		C67659CC2664A0BB00E4E714 /* TabBar.swift */ = {isa = PBXFileReference; lastKnownFileType = sourcecode.swift; path = TabBar.swift; sourceTree = "<group>"; };
		C67659CF26651C8300E4E714 /* CourseSectionDetail.swift */ = {isa = PBXFileReference; lastKnownFileType = sourcecode.swift; path = CourseSectionDetail.swift; sourceTree = "<group>"; };
		C67659D226652A5400E4E714 /* LibraryContent.swift */ = {isa = PBXFileReference; lastKnownFileType = sourcecode.swift; path = LibraryContent.swift; sourceTree = "<group>"; };
		C6A3C7742665C42800D3A9D5 /* WidgetKit.framework */ = {isa = PBXFileReference; lastKnownFileType = wrapper.framework; name = WidgetKit.framework; path = System/Library/Frameworks/WidgetKit.framework; sourceTree = SDKROOT; };
		C6A3C7762665C42800D3A9D5 /* SwiftUI.framework */ = {isa = PBXFileReference; lastKnownFileType = wrapper.framework; name = SwiftUI.framework; path = System/Library/Frameworks/SwiftUI.framework; sourceTree = SDKROOT; };
		C6A3C7A22665E65E00D3A9D5 /* DesignCodeWidgetExtension.appex */ = {isa = PBXFileReference; explicitFileType = "wrapper.app-extension"; includeInIndex = 0; path = DesignCodeWidgetExtension.appex; sourceTree = BUILT_PRODUCTS_DIR; };
		C6A3C7A62665E65E00D3A9D5 /* DesignCodeWidget.swift */ = {isa = PBXFileReference; lastKnownFileType = sourcecode.swift; path = DesignCodeWidget.swift; sourceTree = "<group>"; };
		C6A3C7A82665E65F00D3A9D5 /* Assets.xcassets */ = {isa = PBXFileReference; lastKnownFileType = folder.assetcatalog; path = Assets.xcassets; sourceTree = "<group>"; };
		C6A3C7AA2665E65F00D3A9D5 /* Info.plist */ = {isa = PBXFileReference; lastKnownFileType = text.plist.xml; path = Info.plist; sourceTree = "<group>"; };
/* End PBXFileReference section */

/* Begin PBXFrameworksBuildPhase section */
		C6444900266355C300960DC0 /* Frameworks */ = {
			isa = PBXFrameworksBuildPhase;
			buildActionMask = 2147483647;
			files = (
			);
			runOnlyForDeploymentPostprocessing = 0;
		};
		C6444908266355C400960DC0 /* Frameworks */ = {
			isa = PBXFrameworksBuildPhase;
			buildActionMask = 2147483647;
			files = (
			);
			runOnlyForDeploymentPostprocessing = 0;
		};
		C6A3C79F2665E65E00D3A9D5 /* Frameworks */ = {
			isa = PBXFrameworksBuildPhase;
			buildActionMask = 2147483647;
			files = (
				C6A3C7A42665E65E00D3A9D5 /* SwiftUI.framework in Frameworks */,
				C6A3C7A32665E65E00D3A9D5 /* WidgetKit.framework in Frameworks */,
			);
			runOnlyForDeploymentPostprocessing = 0;
		};
/* End PBXFrameworksBuildPhase section */

/* Begin PBXGroup section */
		C64448F62663559B00960DC0 = {
			isa = PBXGroup;
			children = (
				C64448FB266355AC00960DC0 /* Shared */,
				C6444905266355C300960DC0 /* iOS */,
				C644490C266355C400960DC0 /* macOS */,
				C6A3C7A52665E65E00D3A9D5 /* DesignCodeWidget */,
				C6A3C7732665C42800D3A9D5 /* Frameworks */,
				C6444904266355C300960DC0 /* Products */,
			);
			sourceTree = "<group>";
		};
		C64448FB266355AC00960DC0 /* Shared */ = {
			isa = PBXGroup;
			children = (
				C64448FC266355AC00960DC0 /* DesignCodeCourseApp.swift */,
				C6444929266382D600960DC0 /* Navigation */,
				C64449312663C5FF00960DC0 /* Model */,
				C644492A266382F000960DC0 /* Items */,
				C67659D426652D6100E4E714 /* Library */,
				C64449202663751200960DC0 /* CoursesView.swift */,
				C67659AA26648AEE00E4E714 /* CourseDetail.swift */,
				C67659CF26651C8300E4E714 /* CourseSectionDetail.swift */,
				C644492B2663835500960DC0 /* CourseList.swift */,
				C64448FE266355C300960DC0 /* Assets.xcassets */,
			);
			path = Shared;
			sourceTree = "<group>";
		};
		C6444904266355C300960DC0 /* Products */ = {
			isa = PBXGroup;
			children = (
				C6444903266355C300960DC0 /* DesignCodeCourse.app */,
				C644490B266355C400960DC0 /* DesignCodeCourse.app */,
				C6A3C7A22665E65E00D3A9D5 /* DesignCodeWidgetExtension.appex */,
			);
			name = Products;
			sourceTree = "<group>";
		};
		C6444905266355C300960DC0 /* iOS */ = {
			isa = PBXGroup;
			children = (
				C67659C82664926B00E4E714 /* VisualEffectBlur.swift */,
				C6444906266355C300960DC0 /* Info.plist */,
			);
			path = iOS;
			sourceTree = "<group>";
		};
		C644490C266355C400960DC0 /* macOS */ = {
			isa = PBXGroup;
			children = (
				C67659CA2664927500E4E714 /* VisualEffectBlur 2.swift */,
				C644490D266355C400960DC0 /* Info.plist */,
				C644490E266355C400960DC0 /* macOS.entitlements */,
			);
			path = macOS;
			sourceTree = "<group>";
		};
		C6444929266382D600960DC0 /* Navigation */ = {
			isa = PBXGroup;
			children = (
				C64448FD266355AC00960DC0 /* ContentView.swift */,
				C67659CC2664A0BB00E4E714 /* TabBar.swift */,
				C64449232663772700960DC0 /* Sidebar.swift */,
			);
			path = Navigation;
			sourceTree = "<group>";
		};
		C644492A266382F000960DC0 /* Items */ = {
			isa = PBXGroup;
			children = (
				C64449262663810600960DC0 /* CourseItem.swift */,
				C644491D2663721B00960DC0 /* CourseRow.swift */,
			);
			path = Items;
			sourceTree = "<group>";
		};
		C64449312663C5FF00960DC0 /* Model */ = {
			isa = PBXGroup;
			children = (
				C644492E2663C2C200960DC0 /* Course.swift */,
				C67659AE26648E2E00E4E714 /* CourseSection.swift */,
				C67659B126648E2E00E4E714 /* Download.swift */,
				C67659AF26648E2E00E4E714 /* GradientModel.swift */,
				C67659B226648E2E00E4E714 /* Livestream.swift */,
				C67659AD26648E2E00E4E714 /* LivestreamSection.swift */,
				C67659B026648E2E00E4E714 /* Tutorial.swift */,
				C67659B326648E2E00E4E714 /* TutorialSection.swift */,
			);
			path = Model;
			sourceTree = "<group>";
		};
		C67659D426652D6100E4E714 /* Library */ = {
			isa = PBXGroup;
			children = (
				C67659A72664887100E4E714 /* CloseButton.swift */,
				C67659D226652A5400E4E714 /* LibraryContent.swift */,
			);
			path = Library;
			sourceTree = "<group>";
		};
		C6A3C7732665C42800D3A9D5 /* Frameworks */ = {
			isa = PBXGroup;
			children = (
				C6A3C7742665C42800D3A9D5 /* WidgetKit.framework */,
				C6A3C7762665C42800D3A9D5 /* SwiftUI.framework */,
			);
			name = Frameworks;
			sourceTree = "<group>";
		};
		C6A3C7A52665E65E00D3A9D5 /* DesignCodeWidget */ = {
			isa = PBXGroup;
			children = (
				C6A3C7A62665E65E00D3A9D5 /* DesignCodeWidget.swift */,
				C6A3C7A82665E65F00D3A9D5 /* Assets.xcassets */,
				C6A3C7AA2665E65F00D3A9D5 /* Info.plist */,
			);
			path = DesignCodeWidget;
			sourceTree = "<group>";
		};
/* End PBXGroup section */

/* Begin PBXNativeTarget section */
		C6444902266355C300960DC0 /* DesignCodeCourse (iOS) */ = {
			isa = PBXNativeTarget;
			buildConfigurationList = C6444917266355C400960DC0 /* Build configuration list for PBXNativeTarget "DesignCodeCourse (iOS)" */;
			buildPhases = (
				C64448FF266355C300960DC0 /* Sources */,
				C6444900266355C300960DC0 /* Frameworks */,
				C6444901266355C300960DC0 /* Resources */,
				C6A3C7842665C42A00D3A9D5 /* Embed App Extensions */,
			);
			buildRules = (
			);
			dependencies = (
				C6A3C7AC2665E65F00D3A9D5 /* PBXTargetDependency */,
			);
			name = "DesignCodeCourse (iOS)";
			productName = "DesignCodeCourse (iOS)";
			productReference = C6444903266355C300960DC0 /* DesignCodeCourse.app */;
			productType = "com.apple.product-type.application";
		};
		C644490A266355C400960DC0 /* DesignCodeCourse (macOS) */ = {
			isa = PBXNativeTarget;
			buildConfigurationList = C644491A266355C400960DC0 /* Build configuration list for PBXNativeTarget "DesignCodeCourse (macOS)" */;
			buildPhases = (
				C6444907266355C400960DC0 /* Sources */,
				C6444908266355C400960DC0 /* Frameworks */,
				C6444909266355C400960DC0 /* Resources */,
			);
			buildRules = (
			);
			dependencies = (
			);
			name = "DesignCodeCourse (macOS)";
			productName = "DesignCodeCourse (macOS)";
			productReference = C644490B266355C400960DC0 /* DesignCodeCourse.app */;
			productType = "com.apple.product-type.application";
		};
		C6A3C7A12665E65E00D3A9D5 /* DesignCodeWidgetExtension */ = {
			isa = PBXNativeTarget;
			buildConfigurationList = C6A3C7AE2665E65F00D3A9D5 /* Build configuration list for PBXNativeTarget "DesignCodeWidgetExtension" */;
			buildPhases = (
				C6A3C79E2665E65E00D3A9D5 /* Sources */,
				C6A3C79F2665E65E00D3A9D5 /* Frameworks */,
				C6A3C7A02665E65E00D3A9D5 /* Resources */,
			);
			buildRules = (
			);
			dependencies = (
			);
			name = DesignCodeWidgetExtension;
			productName = DesignCodeWidgetExtension;
			productReference = C6A3C7A22665E65E00D3A9D5 /* DesignCodeWidgetExtension.appex */;
			productType = "com.apple.product-type.app-extension";
		};
/* End PBXNativeTarget section */

/* Begin PBXProject section */
		C64448F72663559C00960DC0 /* Project object */ = {
			isa = PBXProject;
			attributes = {
				LastSwiftUpdateCheck = 1250;
				LastUpgradeCheck = 1250;
				TargetAttributes = {
					C6444902266355C300960DC0 = {
						CreatedOnToolsVersion = 12.5;
					};
					C644490A266355C400960DC0 = {
						CreatedOnToolsVersion = 12.5;
					};
					C6A3C7A12665E65E00D3A9D5 = {
						CreatedOnToolsVersion = 12.5;
					};
				};
			};
			buildConfigurationList = C64448FA2663559C00960DC0 /* Build configuration list for PBXProject "DesignCodeCourse" */;
			compatibilityVersion = "Xcode 9.3";
			developmentRegion = en;
			hasScannedForEncodings = 0;
			knownRegions = (
				en,
				Base,
			);
			mainGroup = C64448F62663559B00960DC0;
			productRefGroup = C6444904266355C300960DC0 /* Products */;
			projectDirPath = "";
			projectRoot = "";
			targets = (
				C6444902266355C300960DC0 /* DesignCodeCourse (iOS) */,
				C644490A266355C400960DC0 /* DesignCodeCourse (macOS) */,
				C6A3C7A12665E65E00D3A9D5 /* DesignCodeWidgetExtension */,
			);
		};
/* End PBXProject section */

/* Begin PBXResourcesBuildPhase section */
		C6444901266355C300960DC0 /* Resources */ = {
			isa = PBXResourcesBuildPhase;
			buildActionMask = 2147483647;
			files = (
				C6444913266355C400960DC0 /* Assets.xcassets in Resources */,
			);
			runOnlyForDeploymentPostprocessing = 0;
		};
		C6444909266355C400960DC0 /* Resources */ = {
			isa = PBXResourcesBuildPhase;
			buildActionMask = 2147483647;
			files = (
				C6444914266355C400960DC0 /* Assets.xcassets in Resources */,
			);
			runOnlyForDeploymentPostprocessing = 0;
		};
		C6A3C7A02665E65E00D3A9D5 /* Resources */ = {
			isa = PBXResourcesBuildPhase;
			buildActionMask = 2147483647;
			files = (
				C6BBC9ED266F370C00EAD7A3 /* Assets.xcassets in Resources */,
				C6A3C7A92665E65F00D3A9D5 /* Assets.xcassets in Resources */,
			);
			runOnlyForDeploymentPostprocessing = 0;
		};
/* End PBXResourcesBuildPhase section */

/* Begin PBXSourcesBuildPhase section */
		C64448FF266355C300960DC0 /* Sources */ = {
			isa = PBXSourcesBuildPhase;
			buildActionMask = 2147483647;
			files = (
				C644492F2663C2C200960DC0 /* Course.swift in Sources */,
				C67659D126651C8800E4E714 /* CourseSectionDetail.swift in Sources */,
				C67659B426648E2E00E4E714 /* LivestreamSection.swift in Sources */,
				C67659CE2664A0BE00E4E714 /* TabBar.swift in Sources */,
				C6A3C7892665C5A500D3A9D5 /* CloseButton.swift in Sources */,
				C64449242663772700960DC0 /* Sidebar.swift in Sources */,
				C64449272663810600960DC0 /* CourseItem.swift in Sources */,
				C67659B626648E2E00E4E714 /* CourseSection.swift in Sources */,
				C67659BA26648E2E00E4E714 /* Tutorial.swift in Sources */,
				C67659AB26648AEE00E4E714 /* CourseDetail.swift in Sources */,
				C67659BE26648E2E00E4E714 /* Livestream.swift in Sources */,
				C6444911266355C400960DC0 /* ContentView.swift in Sources */,
				C67659BC26648E2E00E4E714 /* Download.swift in Sources */,
				C644491E2663721B00960DC0 /* CourseRow.swift in Sources */,
				C67659B826648E2E00E4E714 /* GradientModel.swift in Sources */,
				C644490F266355C400960DC0 /* DesignCodeCourseApp.swift in Sources */,
				C67659C026648E2E00E4E714 /* TutorialSection.swift in Sources */,
				C67659C92664926B00E4E714 /* VisualEffectBlur.swift in Sources */,
				C64449212663751200960DC0 /* CoursesView.swift in Sources */,
				C6A3C7882665C59B00D3A9D5 /* LibraryContent.swift in Sources */,
				C644492C2663835500960DC0 /* CourseList.swift in Sources */,
			);
			runOnlyForDeploymentPostprocessing = 0;
		};
		C6444907266355C400960DC0 /* Sources */ = {
			isa = PBXSourcesBuildPhase;
			buildActionMask = 2147483647;
			files = (
				C64449302663C2C200960DC0 /* Course.swift in Sources */,
				C67659B526648E2E00E4E714 /* LivestreamSection.swift in Sources */,
				C64449252663772700960DC0 /* Sidebar.swift in Sources */,
				C6BBC9EE266F4CCA00EAD7A3 /* DesignCodeCourseApp.swift in Sources */,
				C64449282663810600960DC0 /* CourseItem.swift in Sources */,
				C67659B726648E2E00E4E714 /* CourseSection.swift in Sources */,
				C67659CB2664927500E4E714 /* VisualEffectBlur 2.swift in Sources */,
				C67659BB26648E2E00E4E714 /* Tutorial.swift in Sources */,
				C67659AC26648AEE00E4E714 /* CourseDetail.swift in Sources */,
				C67659D026651C8300E4E714 /* CourseSectionDetail.swift in Sources */,
				C67659BF26648E2E00E4E714 /* Livestream.swift in Sources */,
				C67659A92664887100E4E714 /* CloseButton.swift in Sources */,
				C6444912266355C400960DC0 /* ContentView.swift in Sources */,
				C67659BD26648E2E00E4E714 /* Download.swift in Sources */,
				C644491F2663721B00960DC0 /* CourseRow.swift in Sources */,
				C67659B926648E2E00E4E714 /* GradientModel.swift in Sources */,
				C67659C126648E2E00E4E714 /* TutorialSection.swift in Sources */,
				C64449222663751200960DC0 /* CoursesView.swift in Sources */,
				C644492D2663835500960DC0 /* CourseList.swift in Sources */,
				C67659D326652A5400E4E714 /* LibraryContent.swift in Sources */,
			);
			runOnlyForDeploymentPostprocessing = 0;
		};
		C6A3C79E2665E65E00D3A9D5 /* Sources */ = {
			isa = PBXSourcesBuildPhase;
			buildActionMask = 2147483647;
			files = (
				C6327004266E7DC500D3519B /* DesignCodeWidget.swift in Sources */,
				C6BBC9EC266F36FF00EAD7A3 /* CourseSection.swift in Sources */,
				C6BBC9EB266F36D000EAD7A3 /* CourseRow.swift in Sources */,
			);
			runOnlyForDeploymentPostprocessing = 0;
		};
/* End PBXSourcesBuildPhase section */

/* Begin PBXTargetDependency section */
		C6A3C7AC2665E65F00D3A9D5 /* PBXTargetDependency */ = {
			isa = PBXTargetDependency;
			target = C6A3C7A12665E65E00D3A9D5 /* DesignCodeWidgetExtension */;
			targetProxy = C6A3C7AB2665E65F00D3A9D5 /* PBXContainerItemProxy */;
		};
/* End PBXTargetDependency section */

/* Begin XCBuildConfiguration section */
		C6444915266355C400960DC0 /* Debug */ = {
			isa = XCBuildConfiguration;
			buildSettings = {
				ALWAYS_SEARCH_USER_PATHS = NO;
				CLANG_ANALYZER_NONNULL = YES;
				CLANG_ANALYZER_NUMBER_OBJECT_CONVERSION = YES_AGGRESSIVE;
				CLANG_CXX_LANGUAGE_STANDARD = "gnu++14";
				CLANG_CXX_LIBRARY = "libc++";
				CLANG_ENABLE_MODULES = YES;
				CLANG_ENABLE_OBJC_ARC = YES;
				CLANG_ENABLE_OBJC_WEAK = YES;
				CLANG_WARN_BLOCK_CAPTURE_AUTORELEASING = YES;
				CLANG_WARN_BOOL_CONVERSION = YES;
				CLANG_WARN_COMMA = YES;
				CLANG_WARN_CONSTANT_CONVERSION = YES;
				CLANG_WARN_DEPRECATED_OBJC_IMPLEMENTATIONS = YES;
				CLANG_WARN_DIRECT_OBJC_ISA_USAGE = YES_ERROR;
				CLANG_WARN_DOCUMENTATION_COMMENTS = YES;
				CLANG_WARN_EMPTY_BODY = YES;
				CLANG_WARN_ENUM_CONVERSION = YES;
				CLANG_WARN_INFINITE_RECURSION = YES;
				CLANG_WARN_INT_CONVERSION = YES;
				CLANG_WARN_NON_LITERAL_NULL_CONVERSION = YES;
				CLANG_WARN_OBJC_IMPLICIT_RETAIN_SELF = YES;
				CLANG_WARN_OBJC_LITERAL_CONVERSION = YES;
				CLANG_WARN_OBJC_ROOT_CLASS = YES_ERROR;
				CLANG_WARN_QUOTED_INCLUDE_IN_FRAMEWORK_HEADER = YES;
				CLANG_WARN_RANGE_LOOP_ANALYSIS = YES;
				CLANG_WARN_STRICT_PROTOTYPES = YES;
				CLANG_WARN_SUSPICIOUS_MOVE = YES;
				CLANG_WARN_UNGUARDED_AVAILABILITY = YES_AGGRESSIVE;
				CLANG_WARN_UNREACHABLE_CODE = YES;
				CLANG_WARN__DUPLICATE_METHOD_MATCH = YES;
				COPY_PHASE_STRIP = NO;
				DEBUG_INFORMATION_FORMAT = dwarf;
				ENABLE_STRICT_OBJC_MSGSEND = YES;
				ENABLE_TESTABILITY = YES;
				GCC_C_LANGUAGE_STANDARD = gnu11;
				GCC_DYNAMIC_NO_PIC = NO;
				GCC_NO_COMMON_BLOCKS = YES;
				GCC_OPTIMIZATION_LEVEL = 0;
				GCC_PREPROCESSOR_DEFINITIONS = (
					"DEBUG=1",
					"$(inherited)",
				);
				GCC_WARN_64_TO_32_BIT_CONVERSION = YES;
				GCC_WARN_ABOUT_RETURN_TYPE = YES_ERROR;
				GCC_WARN_UNDECLARED_SELECTOR = YES;
				GCC_WARN_UNINITIALIZED_AUTOS = YES_AGGRESSIVE;
				GCC_WARN_UNUSED_FUNCTION = YES;
				GCC_WARN_UNUSED_VARIABLE = YES;
				MTL_ENABLE_DEBUG_INFO = INCLUDE_SOURCE;
				MTL_FAST_MATH = YES;
				ONLY_ACTIVE_ARCH = YES;
				SWIFT_ACTIVE_COMPILATION_CONDITIONS = DEBUG;
				SWIFT_OPTIMIZATION_LEVEL = "-Onone";
			};
			name = Debug;
		};
		C6444916266355C400960DC0 /* Release */ = {
			isa = XCBuildConfiguration;
			buildSettings = {
				ALWAYS_SEARCH_USER_PATHS = NO;
				CLANG_ANALYZER_NONNULL = YES;
				CLANG_ANALYZER_NUMBER_OBJECT_CONVERSION = YES_AGGRESSIVE;
				CLANG_CXX_LANGUAGE_STANDARD = "gnu++14";
				CLANG_CXX_LIBRARY = "libc++";
				CLANG_ENABLE_MODULES = YES;
				CLANG_ENABLE_OBJC_ARC = YES;
				CLANG_ENABLE_OBJC_WEAK = YES;
				CLANG_WARN_BLOCK_CAPTURE_AUTORELEASING = YES;
				CLANG_WARN_BOOL_CONVERSION = YES;
				CLANG_WARN_COMMA = YES;
				CLANG_WARN_CONSTANT_CONVERSION = YES;
				CLANG_WARN_DEPRECATED_OBJC_IMPLEMENTATIONS = YES;
				CLANG_WARN_DIRECT_OBJC_ISA_USAGE = YES_ERROR;
				CLANG_WARN_DOCUMENTATION_COMMENTS = YES;
				CLANG_WARN_EMPTY_BODY = YES;
				CLANG_WARN_ENUM_CONVERSION = YES;
				CLANG_WARN_INFINITE_RECURSION = YES;
				CLANG_WARN_INT_CONVERSION = YES;
				CLANG_WARN_NON_LITERAL_NULL_CONVERSION = YES;
				CLANG_WARN_OBJC_IMPLICIT_RETAIN_SELF = YES;
				CLANG_WARN_OBJC_LITERAL_CONVERSION = YES;
				CLANG_WARN_OBJC_ROOT_CLASS = YES_ERROR;
				CLANG_WARN_QUOTED_INCLUDE_IN_FRAMEWORK_HEADER = YES;
				CLANG_WARN_RANGE_LOOP_ANALYSIS = YES;
				CLANG_WARN_STRICT_PROTOTYPES = YES;
				CLANG_WARN_SUSPICIOUS_MOVE = YES;
				CLANG_WARN_UNGUARDED_AVAILABILITY = YES_AGGRESSIVE;
				CLANG_WARN_UNREACHABLE_CODE = YES;
				CLANG_WARN__DUPLICATE_METHOD_MATCH = YES;
				COPY_PHASE_STRIP = NO;
				DEBUG_INFORMATION_FORMAT = "dwarf-with-dsym";
				ENABLE_NS_ASSERTIONS = NO;
				ENABLE_STRICT_OBJC_MSGSEND = YES;
				GCC_C_LANGUAGE_STANDARD = gnu11;
				GCC_NO_COMMON_BLOCKS = YES;
				GCC_WARN_64_TO_32_BIT_CONVERSION = YES;
				GCC_WARN_ABOUT_RETURN_TYPE = YES_ERROR;
				GCC_WARN_UNDECLARED_SELECTOR = YES;
				GCC_WARN_UNINITIALIZED_AUTOS = YES_AGGRESSIVE;
				GCC_WARN_UNUSED_FUNCTION = YES;
				GCC_WARN_UNUSED_VARIABLE = YES;
				MTL_ENABLE_DEBUG_INFO = NO;
				MTL_FAST_MATH = YES;
				SWIFT_COMPILATION_MODE = wholemodule;
				SWIFT_OPTIMIZATION_LEVEL = "-O";
			};
			name = Release;
		};
		C6444918266355C400960DC0 /* Debug */ = {
			isa = XCBuildConfiguration;
			buildSettings = {
				ALWAYS_EMBED_SWIFT_STANDARD_LIBRARIES = YES;
				ASSETCATALOG_COMPILER_APPICON_NAME = AppIcon;
				ASSETCATALOG_COMPILER_GLOBAL_ACCENT_COLOR_NAME = AccentColor;
				CODE_SIGN_STYLE = Automatic;
				DEVELOPMENT_TEAM = 2V4PX8GFFW;
				ENABLE_PREVIEWS = YES;
				INFOPLIST_FILE = iOS/Info.plist;
				IPHONEOS_DEPLOYMENT_TARGET = 14.0;
				LD_RUNPATH_SEARCH_PATHS = (
					"$(inherited)",
					"@executable_path/Frameworks",
				);
				PRODUCT_BUNDLE_IDENTIFIER = leemyeonji.DesignCodeCourse;
				PRODUCT_NAME = DesignCodeCourse;
				SDKROOT = iphoneos;
				SWIFT_VERSION = 5.0;
				TARGETED_DEVICE_FAMILY = "1,2";
			};
			name = Debug;
		};
		C6444919266355C400960DC0 /* Release */ = {
			isa = XCBuildConfiguration;
			buildSettings = {
				ALWAYS_EMBED_SWIFT_STANDARD_LIBRARIES = YES;
				ASSETCATALOG_COMPILER_APPICON_NAME = AppIcon;
				ASSETCATALOG_COMPILER_GLOBAL_ACCENT_COLOR_NAME = AccentColor;
				CODE_SIGN_STYLE = Automatic;
				DEVELOPMENT_TEAM = 2V4PX8GFFW;
				ENABLE_PREVIEWS = YES;
				INFOPLIST_FILE = iOS/Info.plist;
				IPHONEOS_DEPLOYMENT_TARGET = 14.0;
				LD_RUNPATH_SEARCH_PATHS = (
					"$(inherited)",
					"@executable_path/Frameworks",
				);
				PRODUCT_BUNDLE_IDENTIFIER = leemyeonji.DesignCodeCourse;
				PRODUCT_NAME = DesignCodeCourse;
				SDKROOT = iphoneos;
				SWIFT_VERSION = 5.0;
				TARGETED_DEVICE_FAMILY = "1,2";
				VALIDATE_PRODUCT = YES;
			};
			name = Release;
		};
		C644491B266355C400960DC0 /* Debug */ = {
			isa = XCBuildConfiguration;
			buildSettings = {
				ASSETCATALOG_COMPILER_APPICON_NAME = AppIcon;
				ASSETCATALOG_COMPILER_GLOBAL_ACCENT_COLOR_NAME = AccentColor;
				CODE_SIGN_ENTITLEMENTS = macOS/macOS.entitlements;
				CODE_SIGN_STYLE = Automatic;
				COMBINE_HIDPI_IMAGES = YES;
				DEVELOPMENT_TEAM = 2V4PX8GFFW;
				ENABLE_HARDENED_RUNTIME = YES;
				ENABLE_PREVIEWS = YES;
				INFOPLIST_FILE = macOS/Info.plist;
				LD_RUNPATH_SEARCH_PATHS = (
					"$(inherited)",
					"@executable_path/../Frameworks",
				);
				MACOSX_DEPLOYMENT_TARGET = 11.0;
				PRODUCT_BUNDLE_IDENTIFIER = leemyeonji.DesignCodeCourse;
				PRODUCT_NAME = DesignCodeCourse;
				SDKROOT = macosx;
				SWIFT_VERSION = 5.0;
			};
			name = Debug;
		};
		C644491C266355C400960DC0 /* Release */ = {
			isa = XCBuildConfiguration;
			buildSettings = {
				ASSETCATALOG_COMPILER_APPICON_NAME = AppIcon;
				ASSETCATALOG_COMPILER_GLOBAL_ACCENT_COLOR_NAME = AccentColor;
				CODE_SIGN_ENTITLEMENTS = macOS/macOS.entitlements;
				CODE_SIGN_STYLE = Automatic;
				COMBINE_HIDPI_IMAGES = YES;
				DEVELOPMENT_TEAM = 2V4PX8GFFW;
				ENABLE_HARDENED_RUNTIME = YES;
				ENABLE_PREVIEWS = YES;
				INFOPLIST_FILE = macOS/Info.plist;
				LD_RUNPATH_SEARCH_PATHS = (
					"$(inherited)",
					"@executable_path/../Frameworks",
				);
				MACOSX_DEPLOYMENT_TARGET = 11.0;
				PRODUCT_BUNDLE_IDENTIFIER = leemyeonji.DesignCodeCourse;
				PRODUCT_NAME = DesignCodeCourse;
				SDKROOT = macosx;
				SWIFT_VERSION = 5.0;
			};
			name = Release;
		};
		C6A3C7AF2665E65F00D3A9D5 /* Debug */ = {
			isa = XCBuildConfiguration;
			buildSettings = {
				ASSETCATALOG_COMPILER_GLOBAL_ACCENT_COLOR_NAME = AccentColor;
				ASSETCATALOG_COMPILER_WIDGET_BACKGROUND_COLOR_NAME = WidgetBackground;
				CODE_SIGN_STYLE = Automatic;
				DEVELOPMENT_TEAM = 2V4PX8GFFW;
				INFOPLIST_FILE = DesignCodeWidget/Info.plist;
				IPHONEOS_DEPLOYMENT_TARGET = 14.5;
				LD_RUNPATH_SEARCH_PATHS = (
					"$(inherited)",
					"@executable_path/Frameworks",
					"@executable_path/../../Frameworks",
				);
				PRODUCT_BUNDLE_IDENTIFIER = leemyeonji.DesignCodeCourse.DesignCodeWidget;
				PRODUCT_NAME = "$(TARGET_NAME)";
				SDKROOT = iphoneos;
				SKIP_INSTALL = YES;
				SWIFT_VERSION = 5.0;
				TARGETED_DEVICE_FAMILY = "1,2";
			};
			name = Debug;
		};
		C6A3C7B02665E65F00D3A9D5 /* Release */ = {
			isa = XCBuildConfiguration;
			buildSettings = {
				ASSETCATALOG_COMPILER_GLOBAL_ACCENT_COLOR_NAME = AccentColor;
				ASSETCATALOG_COMPILER_WIDGET_BACKGROUND_COLOR_NAME = WidgetBackground;
				CODE_SIGN_STYLE = Automatic;
				DEVELOPMENT_TEAM = 2V4PX8GFFW;
				INFOPLIST_FILE = DesignCodeWidget/Info.plist;
				IPHONEOS_DEPLOYMENT_TARGET = 14.5;
				LD_RUNPATH_SEARCH_PATHS = (
					"$(inherited)",
					"@executable_path/Frameworks",
					"@executable_path/../../Frameworks",
				);
				PRODUCT_BUNDLE_IDENTIFIER = leemyeonji.DesignCodeCourse.DesignCodeWidget;
				PRODUCT_NAME = "$(TARGET_NAME)";
				SDKROOT = iphoneos;
				SKIP_INSTALL = YES;
				SWIFT_VERSION = 5.0;
				TARGETED_DEVICE_FAMILY = "1,2";
				VALIDATE_PRODUCT = YES;
			};
			name = Release;
		};
/* End XCBuildConfiguration section */

/* Begin XCConfigurationList section */
		C64448FA2663559C00960DC0 /* Build configuration list for PBXProject "DesignCodeCourse" */ = {
			isa = XCConfigurationList;
			buildConfigurations = (
				C6444915266355C400960DC0 /* Debug */,
				C6444916266355C400960DC0 /* Release */,
			);
			defaultConfigurationIsVisible = 0;
			defaultConfigurationName = Release;
		};
		C6444917266355C400960DC0 /* Build configuration list for PBXNativeTarget "DesignCodeCourse (iOS)" */ = {
			isa = XCConfigurationList;
			buildConfigurations = (
				C6444918266355C400960DC0 /* Debug */,
				C6444919266355C400960DC0 /* Release */,
			);
			defaultConfigurationIsVisible = 0;
			defaultConfigurationName = Release;
		};
		C644491A266355C400960DC0 /* Build configuration list for PBXNativeTarget "DesignCodeCourse (macOS)" */ = {
			isa = XCConfigurationList;
			buildConfigurations = (
				C644491B266355C400960DC0 /* Debug */,
				C644491C266355C400960DC0 /* Release */,
			);
			defaultConfigurationIsVisible = 0;
			defaultConfigurationName = Release;
		};
		C6A3C7AE2665E65F00D3A9D5 /* Build configuration list for PBXNativeTarget "DesignCodeWidgetExtension" */ = {
			isa = XCConfigurationList;
			buildConfigurations = (
				C6A3C7AF2665E65F00D3A9D5 /* Debug */,
				C6A3C7B02665E65F00D3A9D5 /* Release */,
			);
			defaultConfigurationIsVisible = 0;
			defaultConfigurationName = Release;
		};
/* End XCConfigurationList section */
	};
	rootObject = C64448F72663559C00960DC0 /* Project object */;
}
